
Microsoft Visual Studio Solution File, Format Version 12.00
# Visual Studio 2013
VisualStudioVersion = 12.0.30110.0
MinimumVisualStudioVersion = 10.0.40219.1
Project("{2150E333-8FDC-42A3-9474-1A3956D46DE8}") = ".nuget", ".nuget", "{61AD9F98-F26B-47B1-8CA8-24427957D7D2}"
	ProjectSection(SolutionItems) = preProject
		.nuget\NuGet.Config = .nuget\NuGet.Config
		.nuget\NuGet.exe = .nuget\NuGet.exe
		.nuget\NuGet.targets = .nuget\NuGet.targets
	EndProjectSection
EndProject
Project("{FAE04EC0-301F-11D3-BF4B-00C04F79EFBC}") = "ConsolApp", "ConsolApp\ConsolApp.csproj", "{DE9C30EA-A6F0-4673-A7B3-92B239819A56}"
EndProject
Project("{FAE04EC0-301F-11D3-BF4B-00C04F79EFBC}") = "StatsForWafflepool", "StatsForWafflepool\StatsForWafflepool.csproj", "{C94C3C00-AF8E-44C1-93C7-1AAA1735F6EB}"
EndProject
Global
	GlobalSection(SolutionConfigurationPlatforms) = preSolution
		Debug|Any CPU = Debug|Any CPU
		Release|Any CPU = Release|Any CPU
	EndGlobalSection
	GlobalSection(ProjectConfigurationPlatforms) = postSolution
		{DE9C30EA-A6F0-4673-A7B3-92B239819A56}.Debug|Any CPU.ActiveCfg = Debug|Any CPU
		{DE9C30EA-A6F0-4673-A7B3-92B239819A56}.Debug|Any CPU.Build.0 = Debug|Any CPU
		{DE9C30EA-A6F0-4673-A7B3-92B239819A56}.Release|Any CPU.ActiveCfg = Release|Any CPU
		{DE9C30EA-A6F0-4673-A7B3-92B239819A56}.Release|Any CPU.Build.0 = Release|Any CPU
		{C94C3C00-AF8E-44C1-93C7-1AAA1735F6EB}.Debug|Any CPU.ActiveCfg = Debug|Any CPU
		{C94C3C00-AF8E-44C1-93C7-1AAA1735F6EB}.Debug|Any CPU.Build.0 = Debug|Any CPU
		{C94C3C00-AF8E-44C1-93C7-1AAA1735F6EB}.Release|Any CPU.ActiveCfg = Release|Any CPU
		{C94C3C00-AF8E-44C1-93C7-1AAA1735F6EB}.Release|Any CPU.Build.0 = Release|Any CPU
	EndGlobalSection
	GlobalSection(SolutionProperties) = preSolution
		HideSolutionNode = FALSE
	EndGlobalSection
	GlobalSection(ExtensibilityGlobals) = postSolution
		VisualSVNWorkingCopyRoot = .
	EndGlobalSection
EndGlobal
